// !$*UTF8*$!
{
	archiveVersion = 1;
	classes = {
	};
	objectVersion = 48;
	objects = {

/* Begin PBXBuildFile section */
		13F61AD41F6717CC0050BBDC /* AppDelegate.swift in Sources */ = {isa = PBXBuildFile; fileRef = 13F61AD31F6717CC0050BBDC /* AppDelegate.swift */; };
		13F61AD61F6717CC0050BBDC /* ViewController.swift in Sources */ = {isa = PBXBuildFile; fileRef = 13F61AD51F6717CC0050BBDC /* ViewController.swift */; };
		13F61AD91F6717CC0050BBDC /* Main.storyboard in Resources */ = {isa = PBXBuildFile; fileRef = 13F61AD71F6717CC0050BBDC /* Main.storyboard */; };
		13F61ADC1F6717CC0050BBDC /* Swoosh.xcdatamodeld in Sources */ = {isa = PBXBuildFile; fileRef = 13F61ADA1F6717CC0050BBDC /* Swoosh.xcdatamodeld */; };
		13F61ADE1F6717CC0050BBDC /* Assets.xcassets in Resources */ = {isa = PBXBuildFile; fileRef = 13F61ADD1F6717CC0050BBDC /* Assets.xcassets */; };
		13F61AE11F6717CC0050BBDC /* LaunchScreen.storyboard in Resources */ = {isa = PBXBuildFile; fileRef = 13F61ADF1F6717CC0050BBDC /* LaunchScreen.storyboard */; };
		13F61AEA1F6725000050BBDC /* BorderButton.swift in Sources */ = {isa = PBXBuildFile; fileRef = 13F61AE91F6725000050BBDC /* BorderButton.swift */; };
/* End PBXBuildFile section */

/* Begin PBXFileReference section */
		13F61AD01F6717CC0050BBDC /* Swoosh.app */ = {isa = PBXFileReference; explicitFileType = wrapper.application; includeInIndex = 0; path = Swoosh.app; sourceTree = BUILT_PRODUCTS_DIR; };
		13F61AD31F6717CC0050BBDC /* AppDelegate.swift */ = {isa = PBXFileReference; lastKnownFileType = sourcecode.swift; path = AppDelegate.swift; sourceTree = "<group>"; };
		13F61AD51F6717CC0050BBDC /* ViewController.swift */ = {isa = PBXFileReference; lastKnownFileType = sourcecode.swift; path = ViewController.swift; sourceTree = "<group>"; };
		13F61AD81F6717CC0050BBDC /* Base */ = {isa = PBXFileReference; lastKnownFileType = file.storyboard; name = Base; path = Base.lproj/Main.storyboard; sourceTree = "<group>"; };
		13F61ADB1F6717CC0050BBDC /* Swoosh.xcdatamodel */ = {isa = PBXFileReference; lastKnownFileType = wrapper.xcdatamodel; path = Swoosh.xcdatamodel; sourceTree = "<group>"; };
		13F61ADD1F6717CC0050BBDC /* Assets.xcassets */ = {isa = PBXFileReference; lastKnownFileType = folder.assetcatalog; path = Assets.xcassets; sourceTree = "<group>"; };
		13F61AE01F6717CC0050BBDC /* Base */ = {isa = PBXFileReference; lastKnownFileType = file.storyboard; name = Base; path = Base.lproj/LaunchScreen.storyboard; sourceTree = "<group>"; };
		13F61AE21F6717CC0050BBDC /* Info.plist */ = {isa = PBXFileReference; lastKnownFileType = text.plist.xml; path = Info.plist; sourceTree = "<group>"; };
		13F61AE91F6725000050BBDC /* BorderButton.swift */ = {isa = PBXFileReference; lastKnownFileType = sourcecode.swift; path = BorderButton.swift; sourceTree = "<group>"; };
/* End PBXFileReference section */

/* Begin PBXFrameworksBuildPhase section */
		13F61ACD1F6717CC0050BBDC /* Frameworks */ = {
			isa = PBXFrameworksBuildPhase;
			buildActionMask = 2147483647;
			files = (
			);
			runOnlyForDeploymentPostprocessing = 0;
		};
/* End PBXFrameworksBuildPhase section */

/* Begin PBXGroup section */
		13F61AC71F6717CC0050BBDC = {
			isa = PBXGroup;
			children = (
				13F61AD21F6717CC0050BBDC /* Swoosh */,
				13F61AD11F6717CC0050BBDC /* Products */,
			);
			sourceTree = "<group>";
		};
		13F61AD11F6717CC0050BBDC /* Products */ = {
			isa = PBXGroup;
			children = (
				13F61AD01F6717CC0050BBDC /* Swoosh.app */,
			);
			name = Products;
			sourceTree = "<group>";
		};
		13F61AD21F6717CC0050BBDC /* Swoosh */ = {
			isa = PBXGroup;
			children = (
				13F61AE81F6724B40050BBDC /* Views */,
				13F61AD31F6717CC0050BBDC /* AppDelegate.swift */,
				13F61AD51F6717CC0050BBDC /* ViewController.swift */,
				13F61AD71F6717CC0050BBDC /* Main.storyboard */,
				13F61ADD1F6717CC0050BBDC /* Assets.xcassets */,
				13F61ADF1F6717CC0050BBDC /* LaunchScreen.storyboard */,
				13F61AE21F6717CC0050BBDC /* Info.plist */,
				13F61ADA1F6717CC0050BBDC /* Swoosh.xcdatamodeld */,
			);
			path = Swoosh;
			sourceTree = "<group>";
		};
		13F61AE81F6724B40050BBDC /* Views */ = {
			isa = PBXGroup;
			children = (
				13F61AE91F6725000050BBDC /* BorderButton.swift */,
			);
			path = Views;
			sourceTree = "<group>";
		};
/* End PBXGroup section */

/* Begin PBXNativeTarget section */
		13F61ACF1F6717CC0050BBDC /* Swoosh */ = {
			isa = PBXNativeTarget;
			buildConfigurationList = 13F61AE51F6717CC0050BBDC /* Build configuration list for PBXNativeTarget "Swoosh" */;
			buildPhases = (
				13F61ACC1F6717CC0050BBDC /* Sources */,
				13F61ACD1F6717CC0050BBDC /* Frameworks */,
				13F61ACE1F6717CC0050BBDC /* Resources */,
			);
			buildRules = (
			);
			dependencies = (
			);
			name = Swoosh;
			productName = Swoosh;
			productReference = 13F61AD01F6717CC0050BBDC /* Swoosh.app */;
			productType = "com.apple.product-type.application";
		};
/* End PBXNativeTarget section */

/* Begin PBXProject section */
		13F61AC81F6717CC0050BBDC /* Project object */ = {
			isa = PBXProject;
			attributes = {
				LastSwiftUpdateCheck = 0900;
				LastUpgradeCheck = 0900;
				ORGANIZATIONNAME = "Raivis Olehno";
				TargetAttributes = {
					13F61ACF1F6717CC0050BBDC = {
						CreatedOnToolsVersion = 9.0;
						ProvisioningStyle = Automatic;
					};
				};
			};
			buildConfigurationList = 13F61ACB1F6717CC0050BBDC /* Build configuration list for PBXProject "Swoosh" */;
			compatibilityVersion = "Xcode 8.0";
			developmentRegion = en;
			hasScannedForEncodings = 0;
			knownRegions = (
				en,
				Base,
			);
			mainGroup = 13F61AC71F6717CC0050BBDC;
			productRefGroup = 13F61AD11F6717CC0050BBDC /* Products */;
			projectDirPath = "";
			projectRoot = "";
			targets = (
				13F61ACF1F6717CC0050BBDC /* Swoosh */,
			);
		};
/* End PBXProject section */

/* Begin PBXResourcesBuildPhase section */
		13F61ACE1F6717CC0050BBDC /* Resources */ = {
			isa = PBXResourcesBuildPhase;
			buildActionMask = 2147483647;
			files = (
				13F61AE11F6717CC0050BBDC /* LaunchScreen.storyboard in Resources */,
				13F61ADE1F6717CC0050BBDC /* Assets.xcassets in Resources */,
				13F61AD91F6717CC0050BBDC /* Main.storyboard in Resources */,
			);
			runOnlyForDeploymentPostprocessing = 0;
		};
/* End PBXResourcesBuildPhase section */

/* Begin PBXSourcesBuildPhase section */
		13F61ACC1F6717CC0050BBDC /* Sources */ = {
			isa = PBXSourcesBuildPhase;
			buildActionMask = 2147483647;
			files = (
				13F61AD61F6717CC0050BBDC /* ViewController.swift in Sources */,
				13F61ADC1F6717CC0050BBDC /* Swoosh.xcdatamodeld in Sources */,
				13F61AD41F6717CC0050BBDC /* AppDelegate.swift in Sources */,
				13F61AEA1F6725000050BBDC /* BorderButton.swift in Sources */,
			);
			runOnlyForDeploymentPostprocessing = 0;
		};
/* End PBXSourcesBuildPhase section */

/* Begin PBXVariantGroup section */
		13F61AD71F6717CC0050BBDC /* Main.storyboard */ = {
			isa = PBXVariantGroup;
			children = (
				13F61AD81F6717CC0050BBDC /* Base */,
			);
			name = Main.storyboard;
			sourceTree = "<group>";
		};
		13F61ADF1F6717CC0050BBDC /* LaunchScreen.storyboard */ = {
			isa = PBXVariantGroup;
			children = (
				13F61AE01F6717CC0050BBDC /* Base */,
			);
			name = LaunchScreen.storyboard;
			sourceTree = "<group>";
		};
/* End PBXVariantGroup section */

/* Begin XCBuildConfiguration section */
		13F61AE31F6717CC0050BBDC /* Debug */ = {
			isa = XCBuildConfiguration;
			buildSettings = {
				ALWAYS_SEARCH_USER_PATHS = NO;
				CLANG_ANALYZER_NONNULL = YES;
				CLANG_ANALYZER_NUMBER_OBJECT_CONVERSION = YES_AGGRESSIVE;
				CLANG_CXX_LANGUAGE_STANDARD = "gnu++14";
				CLANG_CXX_LIBRARY = "libc++";
				CLANG_ENABLE_MODULES = YES;
				CLANG_ENABLE_OBJC_ARC = YES;
				CLANG_WARN_BLOCK_CAPTURE_AUTORELEASING = YES;
				CLANG_WARN_BOOL_CONVERSION = YES;
				CLANG_WARN_COMMA = YES;
				CLANG_WARN_CONSTANT_CONVERSION = YES;
				CLANG_WARN_DIRECT_OBJC_ISA_USAGE = YES_ERROR;
				CLANG_WARN_DOCUMENTATION_COMMENTS = YES;
				CLANG_WARN_EMPTY_BODY = YES;
				CLANG_WARN_ENUM_CONVERSION = YES;
				CLANG_WARN_INFINITE_RECURSION = YES;
				CLANG_WARN_INT_CONVERSION = YES;
				CLANG_WARN_NON_LITERAL_NULL_CONVERSION = YES;
				CLANG_WARN_OBJC_LITERAL_CONVERSION = YES;
				CLANG_WARN_OBJC_ROOT_CLASS = YES_ERROR;
				CLANG_WARN_RANGE_LOOP_ANALYSIS = YES;
				CLANG_WARN_STRICT_PROTOTYPES = YES;
				CLANG_WARN_SUSPICIOUS_MOVE = YES;
				CLANG_WARN_UNGUARDED_AVAILABILITY = YES_AGGRESSIVE;
				CLANG_WARN_UNREACHABLE_CODE = YES;
				CLANG_WARN__DUPLICATE_METHOD_MATCH = YES;
				CODE_SIGN_IDENTITY = "iPhone Developer";
				COPY_PHASE_STRIP = NO;
				DEBUG_INFORMATION_FORMAT = dwarf;
				ENABLE_STRICT_OBJC_MSGSEND = YES;
				ENABLE_TESTABILITY = YES;
				GCC_C_LANGUAGE_STANDARD = gnu11;
				GCC_DYNAMIC_NO_PIC = NO;
				GCC_NO_COMMON_BLOCKS = YES;
				GCC_OPTIMIZATION_LEVEL = 0;
				GCC_PREPROCESSOR_DEFINITIONS = (
					"DEBUG=1",
					"$(inherited)",
				);
				GCC_WARN_64_TO_32_BIT_CONVERSION = YES;
				GCC_WARN_ABOUT_RETURN_TYPE = YES_ERROR;
				GCC_WARN_UNDECLARED_SELECTOR = YES;
				GCC_WARN_UNINITIALIZED_AUTOS = YES_AGGRESSIVE;
				GCC_WARN_UNUSED_FUNCTION = YES;
				GCC_WARN_UNUSED_VARIABLE = YES;
				IPHONEOS_DEPLOYMENT_TARGET = 11.0;
				MTL_ENABLE_DEBUG_INFO = YES;
				ONLY_ACTIVE_ARCH = YES;
				SDKROOT = iphoneos;
				SWIFT_ACTIVE_COMPILATION_CONDITIONS = DEBUG;
				SWIFT_OPTIMIZATION_LEVEL = "-Onone";
			};
			name = Debug;
		};
		13F61AE41F6717CC0050BBDC /* Release */ = {
			isa = XCBuildConfiguration;
			buildSettings = {
				ALWAYS_SEARCH_USER_PATHS = NO;
				CLANG_ANALYZER_NONNULL = YES;
				CLANG_ANALYZER_NUMBER_OBJECT_CONVERSION = YES_AGGRESSIVE;
				CLANG_CXX_LANGUAGE_STANDARD = "gnu++14";
				CLANG_CXX_LIBRARY = "libc++";
				CLANG_ENABLE_MODULES = YES;
				CLANG_ENABLE_OBJC_ARC = YES;
				CLANG_WARN_BLOCK_CAPTURE_AUTORELEASING = YES;
				CLANG_WARN_BOOL_CONVERSION = YES;
				CLANG_WARN_COMMA = YES;
				CLANG_WARN_CONSTANT_CONVERSION = YES;
				CLANG_WARN_DIRECT_OBJC_ISA_USAGE = YES_ERROR;
				CLANG_WARN_DOCUMENTATION_COMMENTS = YES;
				CLANG_WARN_EMPTY_BODY = YES;
				CLANG_WARN_ENUM_CONVERSION = YES;
				CLANG_WARN_INFINITE_RECURSION = YES;
				CLANG_WARN_INT_CONVERSION = YES;
				CLANG_WARN_NON_LITERAL_NULL_CONVERSION = YES;
				CLANG_WARN_OBJC_LITERAL_CONVERSION = YES;
				CLANG_WARN_OBJC_ROOT_CLASS = YES_ERROR;
				CLANG_WARN_RANGE_LOOP_ANALYSIS = YES;
				CLANG_WARN_STRICT_PROTOTYPES = YES;
				CLANG_WARN_SUSPICIOUS_MOVE = YES;
				CLANG_WARN_UNGUARDED_AVAILABILITY = YES_AGGRESSIVE;
				CLANG_WARN_UNREACHABLE_CODE = YES;
				CLANG_WARN__DUPLICATE_METHOD_MATCH = YES;
				CODE_SIGN_IDENTITY = "iPhone Developer";
				COPY_PHASE_STRIP = NO;
				DEBUG_INFORMATION_FORMAT = "dwarf-with-dsym";
				ENABLE_NS_ASSERTIONS = NO;
				ENABLE_STRICT_OBJC_MSGSEND = YES;
				GCC_C_LANGUAGE_STANDARD = gnu11;
				GCC_NO_COMMON_BLOCKS = YES;
				GCC_WARN_64_TO_32_BIT_CONVERSION = YES;
				GCC_WARN_ABOUT_RETURN_TYPE = YES_ERROR;
				GCC_WARN_UNDECLARED_SELECTOR = YES;
				GCC_WARN_UNINITIALIZED_AUTOS = YES_AGGRESSIVE;
				GCC_WARN_UNUSED_FUNCTION = YES;
				GCC_WARN_UNUSED_VARIABLE = YES;
				IPHONEOS_DEPLOYMENT_TARGET = 11.0;
				MTL_ENABLE_DEBUG_INFO = NO;
				SDKROOT = iphoneos;
				SWIFT_OPTIMIZATION_LEVEL = "-Owholemodule";
				VALIDATE_PRODUCT = YES;
			};
			name = Release;
		};
		13F61AE61F6717CC0050BBDC /* Debug */ = {
			isa = XCBuildConfiguration;
			buildSettings = {
				ASSETCATALOG_COMPILER_APPICON_NAME = AppIcon;
				CODE_SIGN_STYLE = Automatic;
				DEVELOPMENT_TEAM = X7989Y4B8C;
				INFOPLIST_FILE = Swoosh/Info.plist;
				LD_RUNPATH_SEARCH_PATHS = "$(inherited) @executable_path/Frameworks";
				PRODUCT_BUNDLE_IDENTIFIER = com.raivisolehno.Swoosh;
				PRODUCT_NAME = "$(TARGET_NAME)";
				SWIFT_VERSION = 4.0;
				TARGETED_DEVICE_FAMILY = "1,2";
			};
			name = Debug;
		};
		13F61AE71F6717CC0050BBDC /* Release */ = {
			isa = XCBuildConfiguration;
			buildSettings = {
				ASSETCATALOG_COMPILER_APPICON_NAME = AppIcon;
				CODE_SIGN_STYLE = Automatic;
				DEVELOPMENT_TEAM = X7989Y4B8C;
				INFOPLIST_FILE = Swoosh/Info.plist;
				LD_RUNPATH_SEARCH_PATHS = "$(inherited) @executable_path/Frameworks";
				PRODUCT_BUNDLE_IDENTIFIER = com.raivisolehno.Swoosh;
				PRODUCT_NAME = "$(TARGET_NAME)";
				SWIFT_VERSION = 4.0;
				TARGETED_DEVICE_FAMILY = "1,2";
			};
			name = Release;
		};
/* End XCBuildConfiguration section */

/* Begin XCConfigurationList section */
		13F61ACB1F6717CC0050BBDC /* Build configuration list for PBXProject "Swoosh" */ = {
			isa = XCConfigurationList;
			buildConfigurations = (
				13F61AE31F6717CC0050BBDC /* Debug */,
				13F61AE41F6717CC0050BBDC /* Release */,
			);
			defaultConfigurationIsVisible = 0;
			defaultConfigurationName = Release;
		};
		13F61AE51F6717CC0050BBDC /* Build configuration list for PBXNativeTarget "Swoosh" */ = {
			isa = XCConfigurationList;
			buildConfigurations = (
				13F61AE61F6717CC0050BBDC /* Debug */,
				13F61AE71F6717CC0050BBDC /* Release */,
			);
			defaultConfigurationIsVisible = 0;
			defaultConfigurationName = Release;
		};
/* End XCConfigurationList section */

/* Begin XCVersionGroup section */
		13F61ADA1F6717CC0050BBDC /* Swoosh.xcdatamodeld */ = {
			isa = XCVersionGroup;
			children = (
				13F61ADB1F6717CC0050BBDC /* Swoosh.xcdatamodel */,
			);
			currentVersion = 13F61ADB1F6717CC0050BBDC /* Swoosh.xcdatamodel */;
			path = Swoosh.xcdatamodeld;
			sourceTree = "<group>";
			versionGroupType = wrapper.xcdatamodel;
		};
/* End XCVersionGroup section */
	};
	rootObject = 13F61AC81F6717CC0050BBDC /* Project object */;
}
